
Microsoft Visual Studio Solution File, Format Version 12.00
# Visual Studio Version 17
VisualStudioVersion = 17.1.32421.90
MinimumVisualStudioVersion = 10.0.40219.1
Project("{FAE04EC0-301F-11D3-BF4B-00C04F79EFBC}") = "BoxingUnboxing", "BoxingUnboxing\BoxingUnboxing.csproj", "{98846EA8-9CA5-4BD3-89C8-8AAA3FA29335}"
EndProject
Global
	GlobalSection(SolutionConfigurationPlatforms) = preSolution
		Debug|Any CPU = Debug|Any CPU
		Release|Any CPU = Release|Any CPU
	EndGlobalSection
	GlobalSection(ProjectConfigurationPlatforms) = postSolution
		{98846EA8-9CA5-4BD3-89C8-8AAA3FA29335}.Debug|Any CPU.ActiveCfg = Debug|Any CPU
		{98846EA8-9CA5-4BD3-89C8-8AAA3FA29335}.Debug|Any CPU.Build.0 = Debug|Any CPU
		{98846EA8-9CA5-4BD3-89C8-8AAA3FA29335}.Release|Any CPU.ActiveCfg = Release|Any CPU
		{98846EA8-9CA5-4BD3-89C8-8AAA3FA29335}.Release|Any CPU.Build.0 = Release|Any CPU
	EndGlobalSection
	GlobalSection(SolutionProperties) = preSolution
		HideSolutionNode = FALSE
	EndGlobalSection
	GlobalSection(ExtensibilityGlobals) = postSolution
		SolutionGuid = {CACA9C3E-9E2B-4864-840E-8885F575025F}
	EndGlobalSection
EndGlobal
